// !$*UTF8*$!
{
	archiveVersion = 1;
	classes = {
	};
	objectVersion = 46;
	objects = {

/* Begin PBXBuildFile section */
		DD8EF5781A68B26A007CA7AB /* IOKit.framework in Frameworks */ = {isa = PBXBuildFile; fileRef = DD8EF5771A68B26A007CA7AB /* IOKit.framework */; };
		DDFF2A9D1A65ECC100BEF346 /* Cocoa.framework in Frameworks */ = {isa = PBXBuildFile; fileRef = DDFF2A9C1A65ECC100BEF346 /* Cocoa.framework */; };
		DDFF2A9E1A65ED3100BEF346 /* AppKit.framework in Frameworks */ = {isa = PBXBuildFile; fileRef = DDFF2A9A1A65ECB700BEF346 /* AppKit.framework */; };
		DDFF2AA01A65EDCD00BEF346 /* Foundation.framework in Frameworks */ = {isa = PBXBuildFile; fileRef = DDFF2A9F1A65EDCD00BEF346 /* Foundation.framework */; };
		DDFF2AB51A65EF7900BEF346 /* Plugin.m in Sources */ = {isa = PBXBuildFile; fileRef = DDFF2AB41A65EF7900BEF346 /* Plugin.m */; };
/* End PBXBuildFile section */

/* Begin PBXFileReference section */
		089C167EFE841241C02AAC07 /* English */ = {isa = PBXFileReference; fileEncoding = 10; lastKnownFileType = text.plist.strings; name = English; path = English.lproj/InfoPlist.strings; sourceTree = "<group>"; };
		08EA7FFBFE8413EDC02AAC07 /* Carbon.framework */ = {isa = PBXFileReference; lastKnownFileType = wrapper.framework; name = Carbon.framework; path = /System/Library/Frameworks/Carbon.framework; sourceTree = "<absolute>"; };
		6A3F7F7E10AC146D00948A73 /* MoveToRiftPlugin.bundle */ = {isa = PBXFileReference; explicitFileType = wrapper.cfbundle; includeInIndex = 0; path = MoveToRiftPlugin.bundle; sourceTree = BUILT_PRODUCTS_DIR; };
		6A3F7F7F10AC146D00948A73 /* MoveToRiftPlugin-Info.plist */ = {isa = PBXFileReference; lastKnownFileType = text.plist.xml; path = "MoveToRiftPlugin-Info.plist"; sourceTree = "<group>"; };
		DD8EF5771A68B26A007CA7AB /* IOKit.framework */ = {isa = PBXFileReference; lastKnownFileType = wrapper.framework; name = IOKit.framework; path = Platforms/MacOSX.platform/Developer/SDKs/MacOSX10.9.sdk/System/Library/Frameworks/IOKit.framework; sourceTree = DEVELOPER_DIR; };
		DDF0AC2C1A66088E00F35442 /* ASimplePlugin copy-Info.plist */ = {isa = PBXFileReference; lastKnownFileType = text.plist.xml; name = "ASimplePlugin copy-Info.plist"; path = "/Users/gfodor/Downloads/SimplestPluginExample/XCodePlugin/ASimplePlugin copy-Info.plist"; sourceTree = "<absolute>"; };
		DDFF2A9A1A65ECB700BEF346 /* AppKit.framework */ = {isa = PBXFileReference; lastKnownFileType = wrapper.framework; name = AppKit.framework; path = Platforms/MacOSX.platform/Developer/SDKs/MacOSX10.9.sdk/System/Library/Frameworks/AppKit.framework; sourceTree = DEVELOPER_DIR; };
		DDFF2A9C1A65ECC100BEF346 /* Cocoa.framework */ = {isa = PBXFileReference; lastKnownFileType = wrapper.framework; name = Cocoa.framework; path = Platforms/MacOSX.platform/Developer/SDKs/MacOSX10.9.sdk/System/Library/Frameworks/Cocoa.framework; sourceTree = DEVELOPER_DIR; };
		DDFF2A9F1A65EDCD00BEF346 /* Foundation.framework */ = {isa = PBXFileReference; lastKnownFileType = wrapper.framework; name = Foundation.framework; path = Platforms/MacOSX.platform/Developer/SDKs/MacOSX10.9.sdk/System/Library/Frameworks/Foundation.framework; sourceTree = DEVELOPER_DIR; };
		DDFF2AB31A65EF7900BEF346 /* Plugin.h */ = {isa = PBXFileReference; fileEncoding = 4; lastKnownFileType = sourcecode.c.h; path = Plugin.h; sourceTree = "<group>"; };
		DDFF2AB41A65EF7900BEF346 /* Plugin.m */ = {isa = PBXFileReference; fileEncoding = 4; lastKnownFileType = sourcecode.c.objc; path = Plugin.m; sourceTree = "<group>"; };
/* End PBXFileReference section */

/* Begin PBXFrameworksBuildPhase section */
		6A3F7F7C10AC146D00948A73 /* Frameworks */ = {
			isa = PBXFrameworksBuildPhase;
			buildActionMask = 2147483647;
			files = (
				DD8EF5781A68B26A007CA7AB /* IOKit.framework in Frameworks */,
				DDFF2AA01A65EDCD00BEF346 /* Foundation.framework in Frameworks */,
				DDFF2A9E1A65ED3100BEF346 /* AppKit.framework in Frameworks */,
				DDFF2A9D1A65ECC100BEF346 /* Cocoa.framework in Frameworks */,
			);
			runOnlyForDeploymentPostprocessing = 0;
		};
/* End PBXFrameworksBuildPhase section */

/* Begin PBXGroup section */
		089C166AFE841209C02AAC07 /* XCodePlugin */ = {
			isa = PBXGroup;
			children = (
				DD8EF5771A68B26A007CA7AB /* IOKit.framework */,
				DDFF2A9F1A65EDCD00BEF346 /* Foundation.framework */,
				DDFF2A9C1A65ECC100BEF346 /* Cocoa.framework */,
				DDFF2A9A1A65ECB700BEF346 /* AppKit.framework */,
				08FB77ADFE841716C02AAC07 /* Source */,
				089C167CFE841241C02AAC07 /* Resources */,
				089C1671FE841209C02AAC07 /* External Frameworks and Libraries */,
				19C28FB4FE9D528D11CA2CBB /* Products */,
				6A3F7F7F10AC146D00948A73 /* MoveToRiftPlugin-Info.plist */,
				DDF0AC2C1A66088E00F35442 /* ASimplePlugin copy-Info.plist */,
			);
			name = XCodePlugin;
			sourceTree = "<group>";
		};
		089C1671FE841209C02AAC07 /* External Frameworks and Libraries */ = {
			isa = PBXGroup;
			children = (
				08EA7FFBFE8413EDC02AAC07 /* Carbon.framework */,
			);
			name = "External Frameworks and Libraries";
			sourceTree = "<group>";
		};
		089C167CFE841241C02AAC07 /* Resources */ = {
			isa = PBXGroup;
			children = (
				089C167DFE841241C02AAC07 /* InfoPlist.strings */,
			);
			name = Resources;
			sourceTree = "<group>";
		};
		08FB77ADFE841716C02AAC07 /* Source */ = {
			isa = PBXGroup;
			children = (
				DDFF2AB31A65EF7900BEF346 /* Plugin.h */,
				DDFF2AB41A65EF7900BEF346 /* Plugin.m */,
			);
			name = Source;
			sourceTree = "<group>";
		};
		19C28FB4FE9D528D11CA2CBB /* Products */ = {
			isa = PBXGroup;
			children = (
				6A3F7F7E10AC146D00948A73 /* MoveToRiftPlugin.bundle */,
			);
			name = Products;
			sourceTree = "<group>";
		};
/* End PBXGroup section */

/* Begin PBXNativeTarget section */
		6A3F7F7D10AC146D00948A73 /* MoveToRiftPlugin */ = {
			isa = PBXNativeTarget;
			buildConfigurationList = 6A3F7F8210AC146D00948A73 /* Build configuration list for PBXNativeTarget "MoveToRiftPlugin" */;
			buildPhases = (
				6A3F7F7A10AC146D00948A73 /* Resources */,
				6A3F7F7B10AC146D00948A73 /* Sources */,
				6A3F7F7C10AC146D00948A73 /* Frameworks */,
			);
			buildRules = (
			);
			dependencies = (
			);
			name = MoveToRiftPlugin;
			productName = ASimplePlugin;
			productReference = 6A3F7F7E10AC146D00948A73 /* MoveToRiftPlugin.bundle */;
			productType = "com.apple.product-type.bundle";
		};
/* End PBXNativeTarget section */

/* Begin PBXProject section */
		089C1669FE841209C02AAC07 /* Project object */ = {
			isa = PBXProject;
			attributes = {
				LastUpgradeCheck = 0610;
			};
			buildConfigurationList = 4FADC23708B4156C00ABE55E /* Build configuration list for PBXProject "MoveToRiftPlugin" */;
			compatibilityVersion = "Xcode 3.2";
			developmentRegion = English;
			hasScannedForEncodings = 1;
			knownRegions = (
				en,
				English,
			);
			mainGroup = 089C166AFE841209C02AAC07 /* XCodePlugin */;
			projectDirPath = "";
			projectRoot = "";
			targets = (
				6A3F7F7D10AC146D00948A73 /* MoveToRiftPlugin */,
			);
		};
/* End PBXProject section */

/* Begin PBXResourcesBuildPhase section */
		6A3F7F7A10AC146D00948A73 /* Resources */ = {
			isa = PBXResourcesBuildPhase;
			buildActionMask = 2147483647;
			files = (
			);
			runOnlyForDeploymentPostprocessing = 0;
		};
/* End PBXResourcesBuildPhase section */

/* Begin PBXSourcesBuildPhase section */
		6A3F7F7B10AC146D00948A73 /* Sources */ = {
			isa = PBXSourcesBuildPhase;
			buildActionMask = 2147483647;
			files = (
				DDFF2AB51A65EF7900BEF346 /* Plugin.m in Sources */,
			);
			runOnlyForDeploymentPostprocessing = 0;
		};
/* End PBXSourcesBuildPhase section */

/* Begin PBXVariantGroup section */
		089C167DFE841241C02AAC07 /* InfoPlist.strings */ = {
			isa = PBXVariantGroup;
			children = (
				089C167EFE841241C02AAC07 /* English */,
			);
			name = InfoPlist.strings;
			sourceTree = "<group>";
		};
/* End PBXVariantGroup section */

/* Begin XCBuildConfiguration section */
		4FADC23808B4156C00ABE55E /* Debug */ = {
			isa = XCBuildConfiguration;
			buildSettings = {
				GCC_C_LANGUAGE_STANDARD = c99;
				GCC_WARN_ABOUT_RETURN_TYPE = YES;
				GCC_WARN_UNUSED_VARIABLE = YES;
				ONLY_ACTIVE_ARCH = YES;
				PREBINDING = NO;
				SDKROOT = macosx;
			};
			name = Debug;
		};
		4FADC23908B4156C00ABE55E /* Release */ = {
			isa = XCBuildConfiguration;
			buildSettings = {
				GCC_C_LANGUAGE_STANDARD = c99;
				GCC_WARN_ABOUT_RETURN_TYPE = YES;
				GCC_WARN_UNUSED_VARIABLE = YES;
				PREBINDING = NO;
				SDKROOT = macosx;
			};
			name = Release;
		};
		6A3F7F8010AC146D00948A73 /* Debug */ = {
			isa = XCBuildConfiguration;
			buildSettings = {
				ALWAYS_SEARCH_USER_PATHS = NO;
				COMBINE_HIDPI_IMAGES = YES;
				COPY_PHASE_STRIP = NO;
				GCC_DYNAMIC_NO_PIC = NO;
				GCC_ENABLE_FIX_AND_CONTINUE = YES;
				GCC_MODEL_TUNING = G5;
				GCC_OPTIMIZATION_LEVEL = 0;
				GCC_PRECOMPILE_PREFIX_HEADER = YES;
				GCC_PREFIX_HEADER = "$(SYSTEM_LIBRARY_DIR)/Frameworks/Carbon.framework/Headers/Carbon.h";
				INFOPLIST_FILE = "MoveToRiftPlugin-Info.plist";
				INSTALL_PATH = "$(HOME)/Library/Bundles";
				OTHER_LDFLAGS = (
					"-framework",
					Carbon,
				);
				PREBINDING = NO;
				PRODUCT_NAME = MoveToRiftPlugin;
				SDKROOT = macosx;
				WRAPPER_EXTENSION = bundle;
			};
			name = Debug;
		};
		6A3F7F8110AC146D00948A73 /* Release */ = {
			isa = XCBuildConfiguration;
			buildSettings = {
				ALWAYS_SEARCH_USER_PATHS = NO;
				COMBINE_HIDPI_IMAGES = YES;
				COPY_PHASE_STRIP = YES;
				DEBUG_INFORMATION_FORMAT = "dwarf-with-dsym";
				GCC_ENABLE_FIX_AND_CONTINUE = NO;
				GCC_MODEL_TUNING = G5;
				GCC_PRECOMPILE_PREFIX_HEADER = YES;
				GCC_PREFIX_HEADER = "$(SYSTEM_LIBRARY_DIR)/Frameworks/Carbon.framework/Headers/Carbon.h";
				INFOPLIST_FILE = "MoveToRiftPlugin-Info.plist";
				INSTALL_PATH = "$(HOME)/Library/Bundles";
				OTHER_LDFLAGS = (
					"-framework",
					Carbon,
				);
				PREBINDING = NO;
				PRODUCT_NAME = MoveToRiftPlugin;
				SDKROOT = macosx;
				WRAPPER_EXTENSION = bundle;
				ZERO_LINK = NO;
			};
			name = Release;
		};
/* End XCBuildConfiguration section */

/* Begin XCConfigurationList section */
		4FADC23708B4156C00ABE55E /* Build configuration list for PBXProject "MoveToRiftPlugin" */ = {
			isa = XCConfigurationList;
			buildConfigurations = (
				4FADC23808B4156C00ABE55E /* Debug */,
				4FADC23908B4156C00ABE55E /* Release */,
			);
			defaultConfigurationIsVisible = 0;
			defaultConfigurationName = Release;
		};
		6A3F7F8210AC146D00948A73 /* Build configuration list for PBXNativeTarget "MoveToRiftPlugin" */ = {
			isa = XCConfigurationList;
			buildConfigurations = (
				6A3F7F8010AC146D00948A73 /* Debug */,
				6A3F7F8110AC146D00948A73 /* Release */,
			);
			defaultConfigurationIsVisible = 0;
			defaultConfigurationName = Release;
		};
/* End XCConfigurationList section */
	};
	rootObject = 089C1669FE841209C02AAC07 /* Project object */;
}
